// !$*UTF8*$!
{
	archiveVersion = 1;
	classes = {
	};
	objectVersion = 46;
	objects = {

/* Begin PBXBuildFile section */
		78D9457A1AADB9D500C7C18C /* closepopup.jpg in Resources */ = {isa = PBXBuildFile; fileRef = 78D945791AADB9D500C7C18C /* closepopup.jpg */; };
		78D9457E1AADBAE800C7C18C /* Default-Portrait~ipad.png in Resources */ = {isa = PBXBuildFile; fileRef = 78D9457B1AADBAE800C7C18C /* Default-Portrait~ipad.png */; };
		78D9457F1AADBAE800C7C18C /* Default-Portrait~ipadx2x.png in Resources */ = {isa = PBXBuildFile; fileRef = 78D9457C1AADBAE800C7C18C /* Default-Portrait~ipadx2x.png */; };
		78D945801AADBAE800C7C18C /* doctoricon.png in Resources */ = {isa = PBXBuildFile; fileRef = 78D9457D1AADBAE800C7C18C /* doctoricon.png */; };
		78D96DFC1AADAD3500DF70E7 /* Foundation.framework in Frameworks */ = {isa = PBXBuildFile; fileRef = 78D96DFB1AADAD3500DF70E7 /* Foundation.framework */; };
		78D96DFE1AADAD3500DF70E7 /* CoreGraphics.framework in Frameworks */ = {isa = PBXBuildFile; fileRef = 78D96DFD1AADAD3500DF70E7 /* CoreGraphics.framework */; };
		78D96E001AADAD3500DF70E7 /* UIKit.framework in Frameworks */ = {isa = PBXBuildFile; fileRef = 78D96DFF1AADAD3500DF70E7 /* UIKit.framework */; };
		78D96E061AADAD3500DF70E7 /* InfoPlist.strings in Resources */ = {isa = PBXBuildFile; fileRef = 78D96E041AADAD3500DF70E7 /* InfoPlist.strings */; };
		78D96E081AADAD3500DF70E7 /* main.m in Sources */ = {isa = PBXBuildFile; fileRef = 78D96E071AADAD3500DF70E7 /* main.m */; };
		78D96E0C1AADAD3500DF70E7 /* deemsysAppDelegate.m in Sources */ = {isa = PBXBuildFile; fileRef = 78D96E0B1AADAD3500DF70E7 /* deemsysAppDelegate.m */; };
		78D96E0F1AADAD3500DF70E7 /* Main.storyboard in Resources */ = {isa = PBXBuildFile; fileRef = 78D96E0D1AADAD3500DF70E7 /* Main.storyboard */; };
		78D96E121AADAD3500DF70E7 /* deemsysViewController.m in Sources */ = {isa = PBXBuildFile; fileRef = 78D96E111AADAD3500DF70E7 /* deemsysViewController.m */; };
		78D96E141AADAD3500DF70E7 /* Images.xcassets in Resources */ = {isa = PBXBuildFile; fileRef = 78D96E131AADAD3500DF70E7 /* Images.xcassets */; };
		78D96E1B1AADAD3500DF70E7 /* XCTest.framework in Frameworks */ = {isa = PBXBuildFile; fileRef = 78D96E1A1AADAD3500DF70E7 /* XCTest.framework */; };
		78D96E1C1AADAD3500DF70E7 /* Foundation.framework in Frameworks */ = {isa = PBXBuildFile; fileRef = 78D96DFB1AADAD3500DF70E7 /* Foundation.framework */; };
		78D96E1D1AADAD3500DF70E7 /* UIKit.framework in Frameworks */ = {isa = PBXBuildFile; fileRef = 78D96DFF1AADAD3500DF70E7 /* UIKit.framework */; };
		78D96E251AADAD3500DF70E7 /* InfoPlist.strings in Resources */ = {isa = PBXBuildFile; fileRef = 78D96E231AADAD3500DF70E7 /* InfoPlist.strings */; };
		78D96E271AADAD3500DF70E7 /* gitconflictTests.m in Sources */ = {isa = PBXBuildFile; fileRef = 78D96E261AADAD3500DF70E7 /* gitconflictTests.m */; };
/* End PBXBuildFile section */

/* Begin PBXContainerItemProxy section */
		78D96E1E1AADAD3500DF70E7 /* PBXContainerItemProxy */ = {
			isa = PBXContainerItemProxy;
			containerPortal = 78D96DF01AADAD3500DF70E7 /* Project object */;
			proxyType = 1;
			remoteGlobalIDString = 78D96DF71AADAD3500DF70E7;
			remoteInfo = gitconflict;
		};
/* End PBXContainerItemProxy section */

/* Begin PBXFileReference section */
		78D945791AADB9D500C7C18C /* closepopup.jpg */ = {isa = PBXFileReference; lastKnownFileType = image.jpeg; path = closepopup.jpg; sourceTree = "<group>"; };
		78D9457B1AADBAE800C7C18C /* Default-Portrait~ipad.png */ = {isa = PBXFileReference; lastKnownFileType = image.png; path = "Default-Portrait~ipad.png"; sourceTree = "<group>"; };
		78D9457C1AADBAE800C7C18C /* Default-Portrait~ipadx2x.png */ = {isa = PBXFileReference; lastKnownFileType = image.png; path = "Default-Portrait~ipadx2x.png"; sourceTree = "<group>"; };
		78D9457D1AADBAE800C7C18C /* doctoricon.png */ = {isa = PBXFileReference; lastKnownFileType = image.png; path = doctoricon.png; sourceTree = "<group>"; };
		78D96DF81AADAD3500DF70E7 /* gitconflict.app */ = {isa = PBXFileReference; explicitFileType = wrapper.application; includeInIndex = 0; path = gitconflict.app; sourceTree = BUILT_PRODUCTS_DIR; };
		78D96DFB1AADAD3500DF70E7 /* Foundation.framework */ = {isa = PBXFileReference; lastKnownFileType = wrapper.framework; name = Foundation.framework; path = System/Library/Frameworks/Foundation.framework; sourceTree = SDKROOT; };
		78D96DFD1AADAD3500DF70E7 /* CoreGraphics.framework */ = {isa = PBXFileReference; lastKnownFileType = wrapper.framework; name = CoreGraphics.framework; path = System/Library/Frameworks/CoreGraphics.framework; sourceTree = SDKROOT; };
		78D96DFF1AADAD3500DF70E7 /* UIKit.framework */ = {isa = PBXFileReference; lastKnownFileType = wrapper.framework; name = UIKit.framework; path = System/Library/Frameworks/UIKit.framework; sourceTree = SDKROOT; };
		78D96E031AADAD3500DF70E7 /* gitconflict-Info.plist */ = {isa = PBXFileReference; lastKnownFileType = text.plist.xml; path = "gitconflict-Info.plist"; sourceTree = "<group>"; };
		78D96E051AADAD3500DF70E7 /* en */ = {isa = PBXFileReference; lastKnownFileType = text.plist.strings; name = en; path = en.lproj/InfoPlist.strings; sourceTree = "<group>"; };
		78D96E071AADAD3500DF70E7 /* main.m */ = {isa = PBXFileReference; lastKnownFileType = sourcecode.c.objc; path = main.m; sourceTree = "<group>"; };
		78D96E091AADAD3500DF70E7 /* gitconflict-Prefix.pch */ = {isa = PBXFileReference; lastKnownFileType = sourcecode.c.h; path = "gitconflict-Prefix.pch"; sourceTree = "<group>"; };
		78D96E0A1AADAD3500DF70E7 /* deemsysAppDelegate.h */ = {isa = PBXFileReference; lastKnownFileType = sourcecode.c.h; path = deemsysAppDelegate.h; sourceTree = "<group>"; };
		78D96E0B1AADAD3500DF70E7 /* deemsysAppDelegate.m */ = {isa = PBXFileReference; lastKnownFileType = sourcecode.c.objc; path = deemsysAppDelegate.m; sourceTree = "<group>"; };
		78D96E0E1AADAD3500DF70E7 /* Base */ = {isa = PBXFileReference; lastKnownFileType = file.storyboard; name = Base; path = Base.lproj/Main.storyboard; sourceTree = "<group>"; };
		78D96E101AADAD3500DF70E7 /* deemsysViewController.h */ = {isa = PBXFileReference; lastKnownFileType = sourcecode.c.h; path = deemsysViewController.h; sourceTree = "<group>"; };
		78D96E111AADAD3500DF70E7 /* deemsysViewController.m */ = {isa = PBXFileReference; lastKnownFileType = sourcecode.c.objc; path = deemsysViewController.m; sourceTree = "<group>"; };
		78D96E131AADAD3500DF70E7 /* Images.xcassets */ = {isa = PBXFileReference; lastKnownFileType = folder.assetcatalog; path = Images.xcassets; sourceTree = "<group>"; };
		78D96E191AADAD3500DF70E7 /* gitconflictTests.xctest */ = {isa = PBXFileReference; explicitFileType = wrapper.cfbundle; includeInIndex = 0; path = gitconflictTests.xctest; sourceTree = BUILT_PRODUCTS_DIR; };
		78D96E1A1AADAD3500DF70E7 /* XCTest.framework */ = {isa = PBXFileReference; lastKnownFileType = wrapper.framework; name = XCTest.framework; path = Library/Frameworks/XCTest.framework; sourceTree = DEVELOPER_DIR; };
		78D96E221AADAD3500DF70E7 /* gitconflictTests-Info.plist */ = {isa = PBXFileReference; lastKnownFileType = text.plist.xml; path = "gitconflictTests-Info.plist"; sourceTree = "<group>"; };
		78D96E241AADAD3500DF70E7 /* en */ = {isa = PBXFileReference; lastKnownFileType = text.plist.strings; name = en; path = en.lproj/InfoPlist.strings; sourceTree = "<group>"; };
		78D96E261AADAD3500DF70E7 /* gitconflictTests.m */ = {isa = PBXFileReference; lastKnownFileType = sourcecode.c.objc; path = gitconflictTests.m; sourceTree = "<group>"; };
		847C4F5F1AADB9FE0051CC79 /* PCScreenShotsEHR.pptx */ = {isa = PBXFileReference; lastKnownFileType = file; path = PCScreenShotsEHR.pptx; sourceTree = "<group>"; };
/* End PBXFileReference section */

/* Begin PBXFrameworksBuildPhase section */
		78D96DF51AADAD3500DF70E7 /* Frameworks */ = {
			isa = PBXFrameworksBuildPhase;
			buildActionMask = 2147483647;
			files = (
				78D96DFE1AADAD3500DF70E7 /* CoreGraphics.framework in Frameworks */,
				78D96E001AADAD3500DF70E7 /* UIKit.framework in Frameworks */,
				78D96DFC1AADAD3500DF70E7 /* Foundation.framework in Frameworks */,
			);
			runOnlyForDeploymentPostprocessing = 0;
		};
		78D96E161AADAD3500DF70E7 /* Frameworks */ = {
			isa = PBXFrameworksBuildPhase;
			buildActionMask = 2147483647;
			files = (
				78D96E1B1AADAD3500DF70E7 /* XCTest.framework in Frameworks */,
				78D96E1D1AADAD3500DF70E7 /* UIKit.framework in Frameworks */,
				78D96E1C1AADAD3500DF70E7 /* Foundation.framework in Frameworks */,
			);
			runOnlyForDeploymentPostprocessing = 0;
		};
/* End PBXFrameworksBuildPhase section */

/* Begin PBXGroup section */
		78D96DEF1AADAD3500DF70E7 = {
			isa = PBXGroup;
			children = (
				78D96E011AADAD3500DF70E7 /* gitconflict */,
				78D96E201AADAD3500DF70E7 /* gitconflictTests */,
				78D96DFA1AADAD3500DF70E7 /* Frameworks */,
				78D96DF91AADAD3500DF70E7 /* Products */,
			);
			sourceTree = "<group>";
		};
		78D96DF91AADAD3500DF70E7 /* Products */ = {
			isa = PBXGroup;
			children = (
				78D96DF81AADAD3500DF70E7 /* gitconflict.app */,
				78D96E191AADAD3500DF70E7 /* gitconflictTests.xctest */,
			);
			name = Products;
			sourceTree = "<group>";
		};
		78D96DFA1AADAD3500DF70E7 /* Frameworks */ = {
			isa = PBXGroup;
			children = (
				78D96DFB1AADAD3500DF70E7 /* Foundation.framework */,
				78D96DFD1AADAD3500DF70E7 /* CoreGraphics.framework */,
				78D96DFF1AADAD3500DF70E7 /* UIKit.framework */,
				78D96E1A1AADAD3500DF70E7 /* XCTest.framework */,
			);
			name = Frameworks;
			sourceTree = "<group>";
		};
		78D96E011AADAD3500DF70E7 /* gitconflict */ = {
			isa = PBXGroup;
			children = (
				78D96E0A1AADAD3500DF70E7 /* deemsysAppDelegate.h */,
				78D945791AADB9D500C7C18C /* closepopup.jpg */,
				78D96E0B1AADAD3500DF70E7 /* deemsysAppDelegate.m */,
				78D9457B1AADBAE800C7C18C /* Default-Portrait~ipad.png */,
				78D9457C1AADBAE800C7C18C /* Default-Portrait~ipadx2x.png */,
				78D9457D1AADBAE800C7C18C /* doctoricon.png */,
				847C4F5F1AADB9FE0051CC79 /* PCScreenShotsEHR.pptx */,
				78D96E0D1AADAD3500DF70E7 /* Main.storyboard */,
				78D96E101AADAD3500DF70E7 /* deemsysViewController.h */,
				78D96E111AADAD3500DF70E7 /* deemsysViewController.m */,
				78D96E131AADAD3500DF70E7 /* Images.xcassets */,
				78D96E021AADAD3500DF70E7 /* Supporting Files */,
			);
			path = gitconflict;
			sourceTree = "<group>";
		};
		78D96E021AADAD3500DF70E7 /* Supporting Files */ = {
			isa = PBXGroup;
			children = (
				78D96E031AADAD3500DF70E7 /* gitconflict-Info.plist */,
				78D96E041AADAD3500DF70E7 /* InfoPlist.strings */,
				78D96E071AADAD3500DF70E7 /* main.m */,
				78D96E091AADAD3500DF70E7 /* gitconflict-Prefix.pch */,
			);
			name = "Supporting Files";
			sourceTree = "<group>";
		};
		78D96E201AADAD3500DF70E7 /* gitconflictTests */ = {
			isa = PBXGroup;
			children = (
				78D96E261AADAD3500DF70E7 /* gitconflictTests.m */,
				78D96E211AADAD3500DF70E7 /* Supporting Files */,
			);
			path = gitconflictTests;
			sourceTree = "<group>";
		};
		78D96E211AADAD3500DF70E7 /* Supporting Files */ = {
			isa = PBXGroup;
			children = (
				78D96E221AADAD3500DF70E7 /* gitconflictTests-Info.plist */,
				78D96E231AADAD3500DF70E7 /* InfoPlist.strings */,
			);
			name = "Supporting Files";
			sourceTree = "<group>";
		};
/* End PBXGroup section */

/* Begin PBXNativeTarget section */
		78D96DF71AADAD3500DF70E7 /* gitconflict */ = {
			isa = PBXNativeTarget;
			buildConfigurationList = 78D96E2A1AADAD3500DF70E7 /* Build configuration list for PBXNativeTarget "gitconflict" */;
			buildPhases = (
				78D96DF41AADAD3500DF70E7 /* Sources */,
				78D96DF51AADAD3500DF70E7 /* Frameworks */,
				78D96DF61AADAD3500DF70E7 /* Resources */,
			);
			buildRules = (
			);
			dependencies = (
			);
			name = gitconflict;
			productName = gitconflict;
			productReference = 78D96DF81AADAD3500DF70E7 /* gitconflict.app */;
			productType = "com.apple.product-type.application";
		};
		78D96E181AADAD3500DF70E7 /* gitconflictTests */ = {
			isa = PBXNativeTarget;
			buildConfigurationList = 78D96E2D1AADAD3500DF70E7 /* Build configuration list for PBXNativeTarget "gitconflictTests" */;
			buildPhases = (
				78D96E151AADAD3500DF70E7 /* Sources */,
				78D96E161AADAD3500DF70E7 /* Frameworks */,
				78D96E171AADAD3500DF70E7 /* Resources */,
			);
			buildRules = (
			);
			dependencies = (
				78D96E1F1AADAD3500DF70E7 /* PBXTargetDependency */,
			);
			name = gitconflictTests;
			productName = gitconflictTests;
			productReference = 78D96E191AADAD3500DF70E7 /* gitconflictTests.xctest */;
			productType = "com.apple.product-type.bundle.unit-test";
		};
/* End PBXNativeTarget section */

/* Begin PBXProject section */
		78D96DF01AADAD3500DF70E7 /* Project object */ = {
			isa = PBXProject;
			attributes = {
				CLASSPREFIX = deemsys;
				LastUpgradeCheck = 0510;
				ORGANIZATIONNAME = deemsys;
				TargetAttributes = {
					78D96E181AADAD3500DF70E7 = {
						TestTargetID = 78D96DF71AADAD3500DF70E7;
					};
				};
			};
			buildConfigurationList = 78D96DF31AADAD3500DF70E7 /* Build configuration list for PBXProject "gitconflict" */;
			compatibilityVersion = "Xcode 3.2";
			developmentRegion = English;
			hasScannedForEncodings = 0;
			knownRegions = (
				en,
				Base,
			);
			mainGroup = 78D96DEF1AADAD3500DF70E7;
			productRefGroup = 78D96DF91AADAD3500DF70E7 /* Products */;
			projectDirPath = "";
			projectRoot = "";
			targets = (
				78D96DF71AADAD3500DF70E7 /* gitconflict */,
				78D96E181AADAD3500DF70E7 /* gitconflictTests */,
			);
		};
/* End PBXProject section */

/* Begin PBXResourcesBuildPhase section */
		78D96DF61AADAD3500DF70E7 /* Resources */ = {
			isa = PBXResourcesBuildPhase;
			buildActionMask = 2147483647;
			files = (
				78D945801AADBAE800C7C18C /* doctoricon.png in Resources */,
				78D96E141AADAD3500DF70E7 /* Images.xcassets in Resources */,
				78D96E061AADAD3500DF70E7 /* InfoPlist.strings in Resources */,
				78D9457F1AADBAE800C7C18C /* Default-Portrait~ipadx2x.png in Resources */,
				78D9457E1AADBAE800C7C18C /* Default-Portrait~ipad.png in Resources */,
				78D96E0F1AADAD3500DF70E7 /* Main.storyboard in Resources */,
				78D9457A1AADB9D500C7C18C /* closepopup.jpg in Resources */,
			);
			runOnlyForDeploymentPostprocessing = 0;
		};
		78D96E171AADAD3500DF70E7 /* Resources */ = {
			isa = PBXResourcesBuildPhase;
			buildActionMask = 2147483647;
			files = (
				78D96E251AADAD3500DF70E7 /* InfoPlist.strings in Resources */,
			);
			runOnlyForDeploymentPostprocessing = 0;
		};
/* End PBXResourcesBuildPhase section */

/* Begin PBXSourcesBuildPhase section */
		78D96DF41AADAD3500DF70E7 /* Sources */ = {
			isa = PBXSourcesBuildPhase;
			buildActionMask = 2147483647;
			files = (
				78D96E081AADAD3500DF70E7 /* main.m in Sources */,
				78D96E0C1AADAD3500DF70E7 /* deemsysAppDelegate.m in Sources */,
				78D96E121AADAD3500DF70E7 /* deemsysViewController.m in Sources */,
			);
			runOnlyForDeploymentPostprocessing = 0;
		};
		78D96E151AADAD3500DF70E7 /* Sources */ = {
			isa = PBXSourcesBuildPhase;
			buildActionMask = 2147483647;
			files = (
				78D96E271AADAD3500DF70E7 /* gitconflictTests.m in Sources */,
			);
			runOnlyForDeploymentPostprocessing = 0;
		};
/* End PBXSourcesBuildPhase section */

/* Begin PBXTargetDependency section */
		78D96E1F1AADAD3500DF70E7 /* PBXTargetDependency */ = {
			isa = PBXTargetDependency;
			target = 78D96DF71AADAD3500DF70E7 /* gitconflict */;
			targetProxy = 78D96E1E1AADAD3500DF70E7 /* PBXContainerItemProxy */;
		};
/* End PBXTargetDependency section */

/* Begin PBXVariantGroup section */
		78D96E041AADAD3500DF70E7 /* InfoPlist.strings */ = {
			isa = PBXVariantGroup;
			children = (
				78D96E051AADAD3500DF70E7 /* en */,
			);
			name = InfoPlist.strings;
			sourceTree = "<group>";
		};
		78D96E0D1AADAD3500DF70E7 /* Main.storyboard */ = {
			isa = PBXVariantGroup;
			children = (
				78D96E0E1AADAD3500DF70E7 /* Base */,
			);
			name = Main.storyboard;
			sourceTree = "<group>";
		};
		78D96E231AADAD3500DF70E7 /* InfoPlist.strings */ = {
			isa = PBXVariantGroup;
			children = (
				78D96E241AADAD3500DF70E7 /* en */,
			);
			name = InfoPlist.strings;
			sourceTree = "<group>";
		};
/* End PBXVariantGroup section */

/* Begin XCBuildConfiguration section */
		78D96E281AADAD3500DF70E7 /* Debug */ = {
			isa = XCBuildConfiguration;
			buildSettings = {
				ALWAYS_SEARCH_USER_PATHS = NO;
				CLANG_CXX_LANGUAGE_STANDARD = "gnu++0x";
				CLANG_CXX_LIBRARY = "libc++";
				CLANG_ENABLE_MODULES = YES;
				CLANG_ENABLE_OBJC_ARC = YES;
				CLANG_WARN_BOOL_CONVERSION = YES;
				CLANG_WARN_CONSTANT_CONVERSION = YES;
				CLANG_WARN_DIRECT_OBJC_ISA_USAGE = YES_ERROR;
				CLANG_WARN_EMPTY_BODY = YES;
				CLANG_WARN_ENUM_CONVERSION = YES;
				CLANG_WARN_INT_CONVERSION = YES;
				CLANG_WARN_OBJC_ROOT_CLASS = YES_ERROR;
				CLANG_WARN__DUPLICATE_METHOD_MATCH = YES;
				"CODE_SIGN_IDENTITY[sdk=iphoneos*]" = "iPhone Developer";
				COPY_PHASE_STRIP = NO;
				GCC_C_LANGUAGE_STANDARD = gnu99;
				GCC_DYNAMIC_NO_PIC = NO;
				GCC_OPTIMIZATION_LEVEL = 0;
				GCC_PREPROCESSOR_DEFINITIONS = (
					"DEBUG=1",
					"$(inherited)",
				);
				GCC_SYMBOLS_PRIVATE_EXTERN = NO;
				GCC_WARN_64_TO_32_BIT_CONVERSION = YES;
				GCC_WARN_ABOUT_RETURN_TYPE = YES_ERROR;
				GCC_WARN_UNDECLARED_SELECTOR = YES;
				GCC_WARN_UNINITIALIZED_AUTOS = YES_AGGRESSIVE;
				GCC_WARN_UNUSED_FUNCTION = YES;
				GCC_WARN_UNUSED_VARIABLE = YES;
				IPHONEOS_DEPLOYMENT_TARGET = 7.1;
				ONLY_ACTIVE_ARCH = YES;
				SDKROOT = iphoneos;
				TARGETED_DEVICE_FAMILY = 2;
			};
			name = Debug;
		};
		78D96E291AADAD3500DF70E7 /* Release */ = {
			isa = XCBuildConfiguration;
			buildSettings = {
				ALWAYS_SEARCH_USER_PATHS = NO;
				CLANG_CXX_LANGUAGE_STANDARD = "gnu++0x";
				CLANG_CXX_LIBRARY = "libc++";
				CLANG_ENABLE_MODULES = YES;
				CLANG_ENABLE_OBJC_ARC = YES;
				CLANG_WARN_BOOL_CONVERSION = YES;
				CLANG_WARN_CONSTANT_CONVERSION = YES;
				CLANG_WARN_DIRECT_OBJC_ISA_USAGE = YES_ERROR;
				CLANG_WARN_EMPTY_BODY = YES;
				CLANG_WARN_ENUM_CONVERSION = YES;
				CLANG_WARN_INT_CONVERSION = YES;
				CLANG_WARN_OBJC_ROOT_CLASS = YES_ERROR;
				CLANG_WARN__DUPLICATE_METHOD_MATCH = YES;
				"CODE_SIGN_IDENTITY[sdk=iphoneos*]" = "iPhone Developer";
				COPY_PHASE_STRIP = YES;
				ENABLE_NS_ASSERTIONS = NO;
				GCC_C_LANGUAGE_STANDARD = gnu99;
				GCC_WARN_64_TO_32_BIT_CONVERSION = YES;
				GCC_WARN_ABOUT_RETURN_TYPE = YES_ERROR;
				GCC_WARN_UNDECLARED_SELECTOR = YES;
				GCC_WARN_UNINITIALIZED_AUTOS = YES_AGGRESSIVE;
				GCC_WARN_UNUSED_FUNCTION = YES;
				GCC_WARN_UNUSED_VARIABLE = YES;
				IPHONEOS_DEPLOYMENT_TARGET = 7.1;
				SDKROOT = iphoneos;
				TARGETED_DEVICE_FAMILY = 2;
				VALIDATE_PRODUCT = YES;
			};
			name = Release;
		};
		78D96E2B1AADAD3500DF70E7 /* Debug */ = {
			isa = XCBuildConfiguration;
			buildSettings = {
				ASSETCATALOG_COMPILER_APPICON_NAME = AppIcon;
				ASSETCATALOG_COMPILER_LAUNCHIMAGE_NAME = LaunchImage;
				GCC_PRECOMPILE_PREFIX_HEADER = YES;
				GCC_PREFIX_HEADER = "gitconflict/gitconflict-Prefix.pch";
				INFOPLIST_FILE = "gitconflict/gitconflict-Info.plist";
				PRODUCT_NAME = "$(TARGET_NAME)";
				WRAPPER_EXTENSION = app;
			};
			name = Debug;
		};
		78D96E2C1AADAD3500DF70E7 /* Release */ = {
			isa = XCBuildConfiguration;
			buildSettings = {
				ASSETCATALOG_COMPILER_APPICON_NAME = AppIcon;
				ASSETCATALOG_COMPILER_LAUNCHIMAGE_NAME = LaunchImage;
				GCC_PRECOMPILE_PREFIX_HEADER = YES;
				GCC_PREFIX_HEADER = "gitconflict/gitconflict-Prefix.pch";
				INFOPLIST_FILE = "gitconflict/gitconflict-Info.plist";
				PRODUCT_NAME = "$(TARGET_NAME)";
				WRAPPER_EXTENSION = app;
			};
			name = Release;
		};
		78D96E2E1AADAD3500DF70E7 /* Debug */ = {
			isa = XCBuildConfiguration;
			buildSettings = {
				BUNDLE_LOADER = "$(BUILT_PRODUCTS_DIR)/gitconflict.app/gitconflict";
				FRAMEWORK_SEARCH_PATHS = (
					"$(SDKROOT)/Developer/Library/Frameworks",
					"$(inherited)",
					"$(DEVELOPER_FRAMEWORKS_DIR)",
				);
				GCC_PRECOMPILE_PREFIX_HEADER = YES;
				GCC_PREFIX_HEADER = "gitconflict/gitconflict-Prefix.pch";
				GCC_PREPROCESSOR_DEFINITIONS = (
					"DEBUG=1",
					"$(inherited)",
				);
				INFOPLIST_FILE = "gitconflictTests/gitconflictTests-Info.plist";
				PRODUCT_NAME = "$(TARGET_NAME)";
				TEST_HOST = "$(BUNDLE_LOADER)";
				WRAPPER_EXTENSION = xctest;
			};
			name = Debug;
		};
		78D96E2F1AADAD3500DF70E7 /* Release */ = {
			isa = XCBuildConfiguration;
			buildSettings = {
				BUNDLE_LOADER = "$(BUILT_PRODUCTS_DIR)/gitconflict.app/gitconflict";
				FRAMEWORK_SEARCH_PATHS = (
					"$(SDKROOT)/Developer/Library/Frameworks",
					"$(inherited)",
					"$(DEVELOPER_FRAMEWORKS_DIR)",
				);
				GCC_PRECOMPILE_PREFIX_HEADER = YES;
				GCC_PREFIX_HEADER = "gitconflict/gitconflict-Prefix.pch";
				INFOPLIST_FILE = "gitconflictTests/gitconflictTests-Info.plist";
				PRODUCT_NAME = "$(TARGET_NAME)";
				TEST_HOST = "$(BUNDLE_LOADER)";
				WRAPPER_EXTENSION = xctest;
			};
			name = Release;
		};
/* End XCBuildConfiguration section */

/* Begin XCConfigurationList section */
		78D96DF31AADAD3500DF70E7 /* Build configuration list for PBXProject "gitconflict" */ = {
			isa = XCConfigurationList;
			buildConfigurations = (
				78D96E281AADAD3500DF70E7 /* Debug */,
				78D96E291AADAD3500DF70E7 /* Release */,
			);
			defaultConfigurationIsVisible = 0;
			defaultConfigurationName = Release;
		};
		78D96E2A1AADAD3500DF70E7 /* Build configuration list for PBXNativeTarget "gitconflict" */ = {
			isa = XCConfigurationList;
			buildConfigurations = (
				78D96E2B1AADAD3500DF70E7 /* Debug */,
				78D96E2C1AADAD3500DF70E7 /* Release */,
			);
			defaultConfigurationIsVisible = 0;
			defaultConfigurationName = Release;
		};
		78D96E2D1AADAD3500DF70E7 /* Build configuration list for PBXNativeTarget "gitconflictTests" */ = {
			isa = XCConfigurationList;
			buildConfigurations = (
				78D96E2E1AADAD3500DF70E7 /* Debug */,
				78D96E2F1AADAD3500DF70E7 /* Release */,
			);
			defaultConfigurationIsVisible = 0;
			defaultConfigurationName = Release;
		};
/* End XCConfigurationList section */
	};
	rootObject = 78D96DF01AADAD3500DF70E7 /* Project object */;
}
